
Microsoft Visual Studio Solution File, Format Version 12.00
# Visual Studio 2012
Project("{8BC9CEB8-8B4A-11D0-8D11-00A0C91BC942}") = "RCDEF", "RCDEF.vcxproj", "{F413E692-2AAC-4211-A609-397B23E2560D}"
EndProject
Global
	GlobalSection(SolutionConfigurationPlatforms) = preSolution
		Only|Win32 = Only|Win32
	EndGlobalSection
	GlobalSection(ProjectConfigurationPlatforms) = postSolution
		{F413E692-2AAC-4211-A609-397B23E2560D}.Only|Win32.ActiveCfg = Common|Win32
		{F413E692-2AAC-4211-A609-397B23E2560D}.Only|Win32.Build.0 = Common|Win32
	EndGlobalSection
	GlobalSection(SolutionProperties) = preSolution
		HideSolutionNode = FALSE
	EndGlobalSection
	GlobalSection(VaultVsipSolution-v2) = preSolution
		VaultHost = http://tosche.wrightsoft.com:8891/VaultService
		VaultRepositoryID = 2
		VaultRepositoryGUID = d8368b38-9529-4ed9-a70a-35254badba4e
		ProjectCount = 1
		ProjectRelativeDiskPath1 = RCDEF.vcxproj
	EndGlobalSection
EndGlobal
