<?xml version="1.0" encoding="UTF-8"?>
<Project ToolsVersion="14.0" xmlns="http://schemas.microsoft.com/developer/msbuild/2003">
  <ItemGroup>
    <ClCompile Include="D:\cse\src\ANCREC.CPP" />
    <ClCompile Include="D:\cse\src\ashwat.cpp">
      <Filter>Source Files</Filter>
    </ClCompile>
    <ClCompile Include="D:\cse\src\ashwface.cpp">
      <Filter>Source Files</Filter>
    </ClCompile>
    <ClCompile Include="D:\cse\src\BATTERY.cpp">
      <Filter>Source Files</Filter>
    </ClCompile>
    <ClCompile Include="D:\cse\src\BRFW.CPP" />
    <ClCompile Include="D:\cse\src\CGCOMP.CPP" />
    <ClCompile Include="D:\cse\src\CGDEBUG.CPP" />
    <ClCompile Include="D:\cse\src\CGENBAL.CPP" />
    <ClCompile Include="D:\cse\src\CGRESULT.CPP" />
    <ClCompile Include="D:\cse\src\CGSOLAR.CPP" />
    <ClCompile Include="D:\cse\src\CGWTHR.CPP" />
    <ClCompile Include="D:\cse\src\CNAH1.CPP" />
    <ClCompile Include="D:\cse\src\CNAH2.CPP" />
    <ClCompile Include="D:\cse\src\CNAUSZ.CPP" />
    <ClCompile Include="D:\cse\src\CNCP.CPP" />
    <ClCompile Include="D:\cse\src\CNCOIL.CPP" />
    <ClCompile Include="D:\cse\src\CNCULT.CPP" />
    <ClCompile Include="D:\cse\src\CNCULT2.CPP" />
    <ClCompile Include="D:\cse\src\CNCULT3.CPP" />
    <ClCompile Include="D:\cse\src\CNCULT4.CPP" />
    <ClCompile Include="D:\cse\src\CNCULT5.CPP" />
    <ClCompile Include="D:\cse\src\CNCULT6.CPP" />
    <ClCompile Include="D:\cse\src\CNFAN.CPP" />
    <ClCompile Include="D:\cse\src\CNGUTS.CPP" />
    <ClCompile Include="D:\cse\src\CNHP.CPP" />
    <ClCompile Include="D:\cse\src\CNLOADS.CPP" />
    <ClCompile Include="D:\cse\src\CNTP.CPP" />
    <ClCompile Include="D:\cse\src\CNZTU.CPP" />
    <ClCompile Include="D:\cse\src\CPGBUILD.CPP" />
    <ClCompile Include="D:\cse\src\CPGPRPUT.CPP" />
    <ClCompile Include="D:\cse\src\CPNAT.CPP" />
    <ClCompile Include="D:\cse\src\CSE.cpp">
      <Filter>Source Files</Filter>
    </ClCompile>
    <ClCompile Include="D:\cse\src\CUEVAL.CPP" />
    <ClCompile Include="D:\cse\src\CUL.CPP" />
    <ClCompile Include="D:\cse\src\CUPARSE.CPP" />
    <ClCompile Include="D:\cse\src\CUPROBE.CPP" />
    <ClCompile Include="D:\cse\src\CUTOK.CPP" />
    <ClCompile Include="D:\cse\src\CVPAK.CPP" />
    <ClCompile Include="D:\cse\src\DATFCNS.CPP" />
    <ClCompile Include="D:\cse\src\DHWCalc.cpp">
      <Filter>Source Files</Filter>
    </ClCompile>
    <ClCompile Include="D:\cse\src\DMPAK.CPP" />
    <ClCompile Include="D:\cse\src\dttab.cpp">
      <Filter>Source Files</Filter>
    </ClCompile>
    <ClCompile Include="D:\cse\src\ENVPAK.CPP" />
    <ClCompile Include="D:\cse\src\EXMAN.CPP" />
    <ClCompile Include="D:\cse\src\GMUTIL.CPP" />
    <ClCompile Include="D:\cse\src\hpwhwrap.cpp">
      <Filter>Source Files</Filter>
    </ClCompile>
    <ClCompile Include="D:\cse\src\IMPF.CPP" />
    <ClCompile Include="D:\cse\src\LOOKUP.CPP" />
    <ClCompile Include="D:\cse\src\MESSAGES.CPP" />
    <ClCompile Include="D:\cse\src\MMPAK.CPP" />
    <ClCompile Include="D:\cse\src\MSGTBL.CPP" />
    <ClCompile Include="D:\cse\src\MSPAK.CPP" />
    <ClCompile Include="D:\cse\src\nummeth.cpp">
      <Filter>Source Files</Filter>
    </ClCompile>
    <ClCompile Include="D:\cse\src\PGPAK.CPP" />
    <ClCompile Include="D:\cse\src\PP.CPP" />
    <ClCompile Include="D:\cse\src\PSYCHRO.CPP" />
    <ClCompile Include="D:\cse\src\PVCalc.cpp">
      <Filter>Source Files</Filter>
    </ClCompile>
    <ClCompile Include="D:\cse\src\RMKERR.CPP" />
    <ClCompile Include="D:\cse\src\RUNDATA.CPP" />
    <ClCompile Include="D:\cse\src\SHADING.CPP" />
    <ClCompile Include="D:\cse\src\SLPAK.CPP" />
    <ClCompile Include="D:\cse\src\srfd.cpp">
      <Filter>Source Files</Filter>
    </ClCompile>
    <ClCompile Include="D:\cse\src\StdAfx.cpp">
      <Filter>Source Files</Filter>
    </ClCompile>
    <ClCompile Include="D:\cse\src\STRPAK.CPP" />
    <ClCompile Include="D:\cse\src\SYTB.CPP" />
    <ClCompile Include="D:\cse\src\TDPAK.CPP" />
    <ClCompile Include="D:\cse\src\TIMER.CPP" />
    <ClCompile Include="D:\cse\src\untab.cpp">
      <Filter>Source Files</Filter>
    </ClCompile>
    <ClCompile Include="D:\cse\src\VRPAK.CPP" />
    <ClCompile Include="D:\cse\src\WFPAK.CPP" />
    <ClCompile Include="D:\cse\src\XIOPAK.CPP" />
    <ClCompile Include="D:\cse\src\XMODULE.cpp">
      <Filter>Source Files</Filter>
    </ClCompile>
    <ClCompile Include="D:\cse\src\YACAM.CPP" />
  </ItemGroup>
  <ItemGroup>
    <ClInclude Include="D:\cse\src\ashwat.h">
      <Filter>Header Files</Filter>
    </ClInclude>
    <ClInclude Include="D:\cse\src\ashwface.h">
      <Filter>Header Files</Filter>
    </ClInclude>
    <ClInclude Include="D:\cse\src\CSE.h">
      <Filter>Header Files</Filter>
    </ClInclude>
    <ClInclude Include="D:\cse\src\csevrsn.h">
      <Filter>Header Files</Filter>
    </ClInclude>
    <ClInclude Include="D:\cse\src\dtypes.h">
      <Filter>Header Files</Filter>
    </ClInclude>
    <ClInclude Include="D:\cse\src\mspak.h">
      <Filter>Header Files</Filter>
    </ClInclude>
    <ClInclude Include="D:\cse\src\PVCalc.h">
      <Filter>Header Files</Filter>
    </ClInclude>
    <ClInclude Include="D:\cse\src\rccn.h">
      <Filter>Header Files</Filter>
    </ClInclude>
    <ClInclude Include="D:\cse\src\XMODULE.h">
      <Filter>Header Files</Filter>
    </ClInclude>
  </ItemGroup>
  <ItemGroup>
    <CustomBuild Include="D:\cse\src\CMakeLists.txt" />
    <CustomBuild Include="D:\cse\src\CNDTYPES.DEF" />
    <CustomBuild Include="D:\cse\src\CNUNITS.DEF" />
    <CustomBuild Include="D:\cse\src\DTLIMS.DEF" />
    <CustomBuild Include="D:\cse\src\CNFIELDS.DEF" />
    <CustomBuild Include="D:\cse\src\CNRECS.DEF" />
    <CustomBuild Include="D:\cse\src\CMakeFiles\8686cc9b08dc82d4a29bdf83bdfb1741\dtypes.h.rule">
      <Filter>CMake Rules</Filter>
    </CustomBuild>
  </ItemGroup>
  <ItemGroup>
    <None Include="D:\cse\src\ANCREC.H" />
    <None Include="D:\cse\src\BRF.H" />
    <None Include="D:\cse\src\BRFW.H" />
    <None Include="D:\cse\src\CGWTHR.H" />
    <None Include="D:\cse\src\CNCULT.H" />
    <None Include="D:\cse\src\CNCULTI.H" />
    <None Include="D:\cse\src\CNDEFNS.H" />
    <None Include="D:\cse\src\CNGLOB.H" />
    <None Include="D:\cse\src\CNGUTS.H" />
    <None Include="D:\cse\src\CPGBUILD.H" />
    <None Include="D:\cse\src\CPRINT.H" />
    <None Include="D:\cse\src\CSEFace.H" />
    <None Include="D:\cse\src\CUEVAL.H" />
    <None Include="D:\cse\src\CUEVF.H" />
    <None Include="D:\cse\src\CUL.H" />
    <None Include="D:\cse\src\CUPARSE.H" />
    <None Include="D:\cse\src\CUPARSEI.H" />
    <None Include="D:\cse\src\CUPARSEX.H" />
    <None Include="D:\cse\src\CUTOK.H" />
    <None Include="D:\cse\src\CVPAK.H" />
    <None Include="D:\cse\src\DATFCNS.H" />
    <None Include="D:\cse\src\DMPAK.H" />
    <None Include="D:\cse\src\ENVPAK.H" />
    <None Include="D:\cse\src\EXMAN.H" />
    <None Include="D:\cse\src\GMPAK.H" />
    <None Include="D:\cse\src\IMPF.H" />
    <None Include="D:\cse\src\IRATS.H" />
    <None Include="D:\cse\src\LOOKUP.H" />
    <None Include="D:\cse\src\MESSAGES.H" />
    <None Include="D:\cse\src\MMPAK.H" />
    <None Include="D:\cse\src\MSGHANS.H" />
    <None Include="D:\cse\src\NUMMETH.H" />
    <None Include="D:\cse\src\PGPAK.H" />
    <None Include="D:\cse\src\PP.H" />
    <None Include="D:\cse\src\PSYCHRO.H" />
    <None Include="D:\cse\src\RMKERR.H" />
    <None Include="D:\cse\src\SLPAK.H" />
    <None Include="D:\cse\src\SRD.H" />
    <None Include="D:\cse\src\STRPAK.H" />
    <None Include="D:\cse\src\SYTB.H" />
    <None Include="D:\cse\src\TDPAK.H" />
    <None Include="D:\cse\src\TIMER.H" />
    <None Include="D:\cse\src\VECPAK.H" />
    <None Include="D:\cse\src\VRPAK.H" />
    <None Include="D:\cse\src\WFPAK.H" />
    <None Include="D:\cse\src\XIOPAK.H" />
    <None Include="D:\cse\src\YACAM.H" />
  </ItemGroup>
  <ItemGroup>
    <Filter Include="Source Files">
      <UniqueIdentifier>{3AEEECE5-8E85-327D-B162-4253EA4B668F}</UniqueIdentifier>
    </Filter>
    <Filter Include="Header Files">
      <UniqueIdentifier>{96755E86-A021-3FFF-8C55-001847EF5D41}</UniqueIdentifier>
    </Filter>
    <Filter Include="CMake Rules">
      <UniqueIdentifier>{5DDD9D10-605A-30FA-9CBF-42E2A941212E}</UniqueIdentifier>
    </Filter>
  </ItemGroup>
</Project>
