<?xml version="1.0" encoding="utf-8"?>
<Project ToolsVersion="4.0" xmlns="http://schemas.microsoft.com/developer/msbuild/2003">
  <ItemGroup>
    <Filter Include="Source Files">
      <UniqueIdentifier>{a47f0fc4-3e1b-4cb6-bd89-20bca56d5684}</UniqueIdentifier>
      <Extensions>cpp;c;cxx;rc;def;r;odl;idl;hpj;bat;f90;for;f;fpp</Extensions>
    </Filter>
    <Filter Include="Resource Files">
      <UniqueIdentifier>{85fcb70e-52db-432e-9cc1-fd25982093d7}</UniqueIdentifier>
      <Extensions>ico;cur;bmp;dlg;rc2;rct;bin;rgs;gif;jpg;jpeg;jpe</Extensions>
    </Filter>
    <Filter Include="Header Files">
      <UniqueIdentifier>{d7518ddd-5458-47b2-8a13-b1bc3a0d940d}</UniqueIdentifier>
      <Extensions>h;hpp;hxx;hm;inl;fi;fd</Extensions>
    </Filter>
  </ItemGroup>
  <ItemGroup>
    <ClCompile Include="ANCREC.CPP">
      <Filter>Source Files</Filter>
    </ClCompile>
    <ClCompile Include="ashwat.cpp">
      <Filter>Source Files</Filter>
    </ClCompile>
    <ClCompile Include="BRFW.CPP">
      <Filter>Source Files</Filter>
    </ClCompile>
    <ClCompile Include="CGCOMP.CPP">
      <Filter>Source Files</Filter>
    </ClCompile>
    <ClCompile Include="CGDEBUG.CPP">
      <Filter>Source Files</Filter>
    </ClCompile>
    <ClCompile Include="CGENBAL.CPP">
      <Filter>Source Files</Filter>
    </ClCompile>
    <ClCompile Include="CGRESULT.CPP">
      <Filter>Source Files</Filter>
    </ClCompile>
    <ClCompile Include="CGSOLAR.CPP">
      <Filter>Source Files</Filter>
    </ClCompile>
    <ClCompile Include="CGWTHR.CPP">
      <Filter>Source Files</Filter>
    </ClCompile>
    <ClCompile Include="CNAH1.CPP">
      <Filter>Source Files</Filter>
    </ClCompile>
    <ClCompile Include="CNAH2.CPP">
      <Filter>Source Files</Filter>
    </ClCompile>
    <ClCompile Include="CNAUSZ.CPP">
      <Filter>Source Files</Filter>
    </ClCompile>
    <ClCompile Include="CNCOIL.CPP">
      <Filter>Source Files</Filter>
    </ClCompile>
    <ClCompile Include="CNCP.CPP">
      <Filter>Source Files</Filter>
    </ClCompile>
    <ClCompile Include="CNCULT.CPP">
      <Filter>Source Files</Filter>
    </ClCompile>
    <ClCompile Include="CNCULT2.CPP">
      <Filter>Source Files</Filter>
    </ClCompile>
    <ClCompile Include="CNCULT3.CPP">
      <Filter>Source Files</Filter>
    </ClCompile>
    <ClCompile Include="CNCULT4.CPP">
      <Filter>Source Files</Filter>
    </ClCompile>
    <ClCompile Include="CNCULT5.CPP">
      <Filter>Source Files</Filter>
    </ClCompile>
    <ClCompile Include="CNCULT6.CPP">
      <Filter>Source Files</Filter>
    </ClCompile>
    <ClCompile Include="CNFAN.CPP">
      <Filter>Source Files</Filter>
    </ClCompile>
    <ClCompile Include="CNGUTS.CPP">
      <Filter>Source Files</Filter>
    </ClCompile>
    <ClCompile Include="CNHP.CPP">
      <Filter>Source Files</Filter>
    </ClCompile>
    <ClCompile Include="CNLOADS.CPP">
      <Filter>Source Files</Filter>
    </ClCompile>
    <ClCompile Include="CNTP.CPP">
      <Filter>Source Files</Filter>
    </ClCompile>
    <ClCompile Include="CNZTU.CPP">
      <Filter>Source Files</Filter>
    </ClCompile>
    <ClCompile Include="CPGBUILD.CPP">
      <Filter>Source Files</Filter>
    </ClCompile>
    <ClCompile Include="CPGPRPUT.CPP">
      <Filter>Source Files</Filter>
    </ClCompile>
    <ClCompile Include="CPNAT.CPP">
      <Filter>Source Files</Filter>
    </ClCompile>
    <ClCompile Include="CSE.cpp">
      <Filter>Source Files</Filter>
    </ClCompile>
    <ClCompile Include="CUEVAL.CPP">
      <Filter>Source Files</Filter>
    </ClCompile>
    <ClCompile Include="CUL.CPP">
      <Filter>Source Files</Filter>
    </ClCompile>
    <ClCompile Include="CUPARSE.CPP">
      <Filter>Source Files</Filter>
    </ClCompile>
    <ClCompile Include="CUPROBE.CPP">
      <Filter>Source Files</Filter>
    </ClCompile>
    <ClCompile Include="CUTOK.CPP">
      <Filter>Source Files</Filter>
    </ClCompile>
    <ClCompile Include="CVPAK.CPP">
      <Filter>Source Files</Filter>
    </ClCompile>
    <ClCompile Include="DATFCNS.CPP">
      <Filter>Source Files</Filter>
    </ClCompile>
    <ClCompile Include="DMPAK.CPP">
      <Filter>Source Files</Filter>
    </ClCompile>
    <ClCompile Include="DTTAB.CPP">
      <Filter>Source Files</Filter>
    </ClCompile>
    <ClCompile Include="ENVPAK.CPP">
      <Filter>Source Files</Filter>
    </ClCompile>
    <ClCompile Include="EXMAN.CPP">
      <Filter>Source Files</Filter>
    </ClCompile>
    <ClCompile Include="GMUTIL.CPP">
      <Filter>Source Files</Filter>
    </ClCompile>
    <ClCompile Include="IMPF.CPP">
      <Filter>Source Files</Filter>
    </ClCompile>
    <ClCompile Include="LOOKUP.CPP">
      <Filter>Source Files</Filter>
    </ClCompile>
    <ClCompile Include="MESSAGES.CPP">
      <Filter>Source Files</Filter>
    </ClCompile>
    <ClCompile Include="MMPAK.CPP">
      <Filter>Source Files</Filter>
    </ClCompile>
    <ClCompile Include="MSGTBL.CPP">
      <Filter>Source Files</Filter>
    </ClCompile>
    <ClCompile Include="MSPAK.CPP">
      <Filter>Source Files</Filter>
    </ClCompile>
    <ClCompile Include="nummeth.cpp">
      <Filter>Source Files</Filter>
    </ClCompile>
    <ClCompile Include="PGPAK.CPP">
      <Filter>Source Files</Filter>
    </ClCompile>
    <ClCompile Include="PP.CPP">
      <Filter>Source Files</Filter>
    </ClCompile>
    <ClCompile Include="PSYCHRO.CPP">
      <Filter>Source Files</Filter>
    </ClCompile>
    <ClCompile Include="RMKERR.CPP">
      <Filter>Source Files</Filter>
    </ClCompile>
    <ClCompile Include="RUNDATA.CPP">
      <Filter>Source Files</Filter>
    </ClCompile>
    <ClCompile Include="SHAD.CPP">
      <Filter>Source Files</Filter>
    </ClCompile>
    <ClCompile Include="SLPAK.CPP">
      <Filter>Source Files</Filter>
    </ClCompile>
    <ClCompile Include="SRFD.CPP">
      <Filter>Source Files</Filter>
    </ClCompile>
    <ClCompile Include="StdAfx.cpp">
      <Filter>Source Files</Filter>
    </ClCompile>
    <ClCompile Include="STRPAK.CPP">
      <Filter>Source Files</Filter>
    </ClCompile>
    <ClCompile Include="SYTB.CPP">
      <Filter>Source Files</Filter>
    </ClCompile>
    <ClCompile Include="TDPAK.CPP">
      <Filter>Source Files</Filter>
    </ClCompile>
    <ClCompile Include="TIMER.CPP">
      <Filter>Source Files</Filter>
    </ClCompile>
    <ClCompile Include="UNTAB.CPP">
      <Filter>Source Files</Filter>
    </ClCompile>
    <ClCompile Include="VRPAK.CPP">
      <Filter>Source Files</Filter>
    </ClCompile>
    <ClCompile Include="WFPAK.CPP">
      <Filter>Source Files</Filter>
    </ClCompile>
    <ClCompile Include="XIOPAK.CPP">
      <Filter>Source Files</Filter>
    </ClCompile>
    <ClCompile Include="XMODULE.cpp">
      <Filter>Source Files</Filter>
    </ClCompile>
    <ClCompile Include="YACAM.CPP">
      <Filter>Source Files</Filter>
    </ClCompile>
    <ClCompile Include="DHWCalc.cpp">
      <Filter>Source Files</Filter>
    </ClCompile>
    <ClCompile Include="PVCalc.cpp">
      <Filter>Source Files</Filter>
    </ClCompile>
    <ClCompile Include="hpwhwrap.cpp">
      <Filter>Source Files</Filter>
    </ClCompile>
    <ClCompile Include="ashwface.cpp">
      <Filter>Source Files</Filter>
    </ClCompile>
    <ClCompile Include="BATTERY.cpp">
      <Filter>Source Files</Filter>
    </ClCompile>
  </ItemGroup>
  <ItemGroup>
    <ResourceCompile Include="cse.rc">
      <Filter>Source Files</Filter>
    </ResourceCompile>
  </ItemGroup>
  <ItemGroup>
    <ClInclude Include="ANCREC.H">
      <Filter>Header Files</Filter>
    </ClInclude>
    <ClInclude Include="ashwat.h">
      <Filter>Header Files</Filter>
    </ClInclude>
    <ClInclude Include="BRF.H">
      <Filter>Header Files</Filter>
    </ClInclude>
    <ClInclude Include="BRFW.H">
      <Filter>Header Files</Filter>
    </ClInclude>
    <ClInclude Include="CGWTHR.H">
      <Filter>Header Files</Filter>
    </ClInclude>
    <ClInclude Include="CNCULT.H">
      <Filter>Header Files</Filter>
    </ClInclude>
    <ClInclude Include="CNCULTI.H">
      <Filter>Header Files</Filter>
    </ClInclude>
    <ClInclude Include="CNDEFNS.H">
      <Filter>Header Files</Filter>
    </ClInclude>
    <ClInclude Include="CNGLOB.H">
      <Filter>Header Files</Filter>
    </ClInclude>
    <ClInclude Include="CPGBUILD.H">
      <Filter>Header Files</Filter>
    </ClInclude>
    <ClInclude Include="CPRINT.H">
      <Filter>Header Files</Filter>
    </ClInclude>
    <ClInclude Include="CSE.H">
      <Filter>Header Files</Filter>
    </ClInclude>
    <ClInclude Include="CSEFace.H">
      <Filter>Header Files</Filter>
    </ClInclude>
    <ClInclude Include="csevrsn.h">
      <Filter>Header Files</Filter>
    </ClInclude>
    <ClInclude Include="CUEVAL.H">
      <Filter>Header Files</Filter>
    </ClInclude>
    <ClInclude Include="CUEVF.H">
      <Filter>Header Files</Filter>
    </ClInclude>
    <ClInclude Include="CUL.H">
      <Filter>Header Files</Filter>
    </ClInclude>
    <ClInclude Include="CUPARSE.H">
      <Filter>Header Files</Filter>
    </ClInclude>
    <ClInclude Include="CUPARSEI.H">
      <Filter>Header Files</Filter>
    </ClInclude>
    <ClInclude Include="CUPARSEX.H">
      <Filter>Header Files</Filter>
    </ClInclude>
    <ClInclude Include="CUTOK.H">
      <Filter>Header Files</Filter>
    </ClInclude>
    <ClInclude Include="CVPAK.H">
      <Filter>Header Files</Filter>
    </ClInclude>
    <ClInclude Include="DATFCNS.H">
      <Filter>Header Files</Filter>
    </ClInclude>
    <ClInclude Include="DMPAK.H">
      <Filter>Header Files</Filter>
    </ClInclude>
    <ClInclude Include="DTYPES.H">
      <Filter>Header Files</Filter>
    </ClInclude>
    <ClInclude Include="ENVPAK.H">
      <Filter>Header Files</Filter>
    </ClInclude>
    <ClInclude Include="EXMAN.H">
      <Filter>Header Files</Filter>
    </ClInclude>
    <ClInclude Include="GMPAK.H">
      <Filter>Header Files</Filter>
    </ClInclude>
    <ClInclude Include="IMPF.H">
      <Filter>Header Files</Filter>
    </ClInclude>
    <ClInclude Include="IRATS.H">
      <Filter>Header Files</Filter>
    </ClInclude>
    <ClInclude Include="LOOKUP.H">
      <Filter>Header Files</Filter>
    </ClInclude>
    <ClInclude Include="MESSAGES.H">
      <Filter>Header Files</Filter>
    </ClInclude>
    <ClInclude Include="MMPAK.H">
      <Filter>Header Files</Filter>
    </ClInclude>
    <ClInclude Include="MSGHANS.H">
      <Filter>Header Files</Filter>
    </ClInclude>
    <ClInclude Include="mspak.h">
      <Filter>Header Files</Filter>
    </ClInclude>
    <ClInclude Include="NUMMETH.H">
      <Filter>Header Files</Filter>
    </ClInclude>
    <ClInclude Include="PGPAK.H">
      <Filter>Header Files</Filter>
    </ClInclude>
    <ClInclude Include="PP.H">
      <Filter>Header Files</Filter>
    </ClInclude>
    <ClInclude Include="PSYCHRO.H">
      <Filter>Header Files</Filter>
    </ClInclude>
    <ClInclude Include="RCCN.H">
      <Filter>Header Files</Filter>
    </ClInclude>
    <ClInclude Include="RMKERR.H">
      <Filter>Header Files</Filter>
    </ClInclude>
    <ClInclude Include="SLPAK.H">
      <Filter>Header Files</Filter>
    </ClInclude>
    <ClInclude Include="SRD.H">
      <Filter>Header Files</Filter>
    </ClInclude>
    <ClInclude Include="STRPAK.H">
      <Filter>Header Files</Filter>
    </ClInclude>
    <ClInclude Include="SYTB.H">
      <Filter>Header Files</Filter>
    </ClInclude>
    <ClInclude Include="TDPAK.H">
      <Filter>Header Files</Filter>
    </ClInclude>
    <ClInclude Include="TIMER.H">
      <Filter>Header Files</Filter>
    </ClInclude>
    <ClInclude Include="VECPAK.H">
      <Filter>Header Files</Filter>
    </ClInclude>
    <ClInclude Include="VRPAK.H">
      <Filter>Header Files</Filter>
    </ClInclude>
    <ClInclude Include="WFPAK.H">
      <Filter>Header Files</Filter>
    </ClInclude>
    <ClInclude Include="XIOPAK.H">
      <Filter>Header Files</Filter>
    </ClInclude>
    <ClInclude Include="XMODULE.h">
      <Filter>Header Files</Filter>
    </ClInclude>
    <ClInclude Include="YACAM.H">
      <Filter>Header Files</Filter>
    </ClInclude>
    <ClInclude Include="PVCalc.h">
      <Filter>Header Files</Filter>
    </ClInclude>
    <ClInclude Include="ashwface.h">
      <Filter>Header Files</Filter>
    </ClInclude>
    <ClInclude Include="..\vendor\hpwh\HPWH.hh">
      <Filter>Header Files</Filter>
    </ClInclude>
  </ItemGroup>
  <ItemGroup>
    <CustomBuild Include="CNGUTS.H">
      <Filter>Header Files</Filter>
    </CustomBuild>
  </ItemGroup>
</Project>