<?xml version="1.0" encoding="utf-8"?>
<Project ToolsVersion="4.0" xmlns="http://schemas.microsoft.com/developer/msbuild/2003">
  <ItemGroup>
    <Filter Include="Source Files">
      <UniqueIdentifier>{4FC737F1-C7A5-4376-A066-2A32D752A2FF}</UniqueIdentifier>
      <Extensions>*.def</Extensions>
    </Filter>
  </ItemGroup>
  <ItemGroup>
    <ClInclude Include="CNDEFNS.H">
      <Filter>Source Files</Filter>
    </ClInclude>
  </ItemGroup>
  <ItemGroup>
    <None Include="CNDTYPES.DEF">
      <Filter>Source Files</Filter>
    </None>
    <None Include="CNFIELDS.DEF">
      <Filter>Source Files</Filter>
    </None>
    <None Include="CNRECS.DEF">
      <Filter>Source Files</Filter>
    </None>
    <None Include="CNUNITS.DEF">
      <Filter>Source Files</Filter>
    </None>
    <None Include="DTLIMS.DEF">
      <Filter>Source Files</Filter>
    </None>
  </ItemGroup>
</Project>